// !$*UTF8*$!
{
	archiveVersion = 1;
	classes = {
	};
	objectVersion = 46;
	objects = {

/* Begin PBXBuildFile section */
		444281A21E4CC69700814848 /* ESPItemModel.m in Sources */ = {isa = PBXBuildFile; fileRef = 444281A11E4CC69700814848 /* ESPItemModel.m */; };
		444281A51E4CD2F700814848 /* ESPItemViewCell.m in Sources */ = {isa = PBXBuildFile; fileRef = 444281A41E4CD2F700814848 /* ESPItemViewCell.m */; };
		444281A81E4D9A8B00814848 /* ESPAnimals.m in Sources */ = {isa = PBXBuildFile; fileRef = 444281A71E4D9A8B00814848 /* ESPAnimals.m */; };
		444281AB1E4D9B3400814848 /* ESPWhale.m in Sources */ = {isa = PBXBuildFile; fileRef = 444281AA1E4D9B3400814848 /* ESPWhale.m */; };
		444281AE1E4D9B9500814848 /* ESPPenguin.m in Sources */ = {isa = PBXBuildFile; fileRef = 444281AD1E4D9B9500814848 /* ESPPenguin.m */; };
		44A5E4701E4AE79000192AC4 /* main.m in Sources */ = {isa = PBXBuildFile; fileRef = 44A5E46F1E4AE79000192AC4 /* main.m */; };
		44A5E4731E4AE79000192AC4 /* AppDelegate.m in Sources */ = {isa = PBXBuildFile; fileRef = 44A5E4721E4AE79000192AC4 /* AppDelegate.m */; };
		44A5E4761E4AE79000192AC4 /* ViewController.m in Sources */ = {isa = PBXBuildFile; fileRef = 44A5E4751E4AE79000192AC4 /* ViewController.m */; };
		44A5E4791E4AE79000192AC4 /* Main.storyboard in Resources */ = {isa = PBXBuildFile; fileRef = 44A5E4771E4AE79000192AC4 /* Main.storyboard */; };
		44A5E47B1E4AE79000192AC4 /* Assets.xcassets in Resources */ = {isa = PBXBuildFile; fileRef = 44A5E47A1E4AE79000192AC4 /* Assets.xcassets */; };
		44A5E47E1E4AE79000192AC4 /* LaunchScreen.storyboard in Resources */ = {isa = PBXBuildFile; fileRef = 44A5E47C1E4AE79000192AC4 /* LaunchScreen.storyboard */; };
/* End PBXBuildFile section */

/* Begin PBXFileReference section */
		444281A01E4CC69700814848 /* ESPItemModel.h */ = {isa = PBXFileReference; fileEncoding = 4; lastKnownFileType = sourcecode.c.h; path = ESPItemModel.h; sourceTree = "<group>"; };
		444281A11E4CC69700814848 /* ESPItemModel.m */ = {isa = PBXFileReference; fileEncoding = 4; lastKnownFileType = sourcecode.c.objc; path = ESPItemModel.m; sourceTree = "<group>"; };
		444281A31E4CD2F700814848 /* ESPItemViewCell.h */ = {isa = PBXFileReference; fileEncoding = 4; lastKnownFileType = sourcecode.c.h; path = ESPItemViewCell.h; sourceTree = "<group>"; };
		444281A41E4CD2F700814848 /* ESPItemViewCell.m */ = {isa = PBXFileReference; fileEncoding = 4; lastKnownFileType = sourcecode.c.objc; path = ESPItemViewCell.m; sourceTree = "<group>"; };
		444281A61E4D9A8B00814848 /* ESPAnimals.h */ = {isa = PBXFileReference; fileEncoding = 4; lastKnownFileType = sourcecode.c.h; path = ESPAnimals.h; sourceTree = "<group>"; };
		444281A71E4D9A8B00814848 /* ESPAnimals.m */ = {isa = PBXFileReference; fileEncoding = 4; lastKnownFileType = sourcecode.c.objc; path = ESPAnimals.m; sourceTree = "<group>"; };
		444281A91E4D9B3400814848 /* ESPWhale.h */ = {isa = PBXFileReference; fileEncoding = 4; lastKnownFileType = sourcecode.c.h; path = ESPWhale.h; sourceTree = "<group>"; };
		444281AA1E4D9B3400814848 /* ESPWhale.m */ = {isa = PBXFileReference; fileEncoding = 4; lastKnownFileType = sourcecode.c.objc; path = ESPWhale.m; sourceTree = "<group>"; };
		444281AC1E4D9B9500814848 /* ESPPenguin.h */ = {isa = PBXFileReference; fileEncoding = 4; lastKnownFileType = sourcecode.c.h; path = ESPPenguin.h; sourceTree = "<group>"; };
		444281AD1E4D9B9500814848 /* ESPPenguin.m */ = {isa = PBXFileReference; fileEncoding = 4; lastKnownFileType = sourcecode.c.objc; path = ESPPenguin.m; sourceTree = "<group>"; };
		44A5E46B1E4AE79000192AC4 /* ESPSeaWorld.app */ = {isa = PBXFileReference; explicitFileType = wrapper.application; includeInIndex = 0; path = ESPSeaWorld.app; sourceTree = BUILT_PRODUCTS_DIR; };
		44A5E46F1E4AE79000192AC4 /* main.m */ = {isa = PBXFileReference; lastKnownFileType = sourcecode.c.objc; path = main.m; sourceTree = "<group>"; };
		44A5E4711E4AE79000192AC4 /* AppDelegate.h */ = {isa = PBXFileReference; lastKnownFileType = sourcecode.c.h; path = AppDelegate.h; sourceTree = "<group>"; };
		44A5E4721E4AE79000192AC4 /* AppDelegate.m */ = {isa = PBXFileReference; lastKnownFileType = sourcecode.c.objc; path = AppDelegate.m; sourceTree = "<group>"; };
		44A5E4741E4AE79000192AC4 /* ViewController.h */ = {isa = PBXFileReference; lastKnownFileType = sourcecode.c.h; path = ViewController.h; sourceTree = "<group>"; };
		44A5E4751E4AE79000192AC4 /* ViewController.m */ = {isa = PBXFileReference; lastKnownFileType = sourcecode.c.objc; path = ViewController.m; sourceTree = "<group>"; };
		44A5E4781E4AE79000192AC4 /* Base */ = {isa = PBXFileReference; lastKnownFileType = file.storyboard; name = Base; path = Base.lproj/Main.storyboard; sourceTree = "<group>"; };
		44A5E47A1E4AE79000192AC4 /* Assets.xcassets */ = {isa = PBXFileReference; lastKnownFileType = folder.assetcatalog; path = Assets.xcassets; sourceTree = "<group>"; };
		44A5E47D1E4AE79000192AC4 /* Base */ = {isa = PBXFileReference; lastKnownFileType = file.storyboard; name = Base; path = Base.lproj/LaunchScreen.storyboard; sourceTree = "<group>"; };
		44A5E47F1E4AE79000192AC4 /* Info.plist */ = {isa = PBXFileReference; lastKnownFileType = text.plist.xml; path = Info.plist; sourceTree = "<group>"; };
/* End PBXFileReference section */

/* Begin PBXFrameworksBuildPhase section */
		44A5E4681E4AE78F00192AC4 /* Frameworks */ = {
			isa = PBXFrameworksBuildPhase;
			buildActionMask = 2147483647;
			files = (
			);
			runOnlyForDeploymentPostprocessing = 0;
		};
/* End PBXFrameworksBuildPhase section */

/* Begin PBXGroup section */
		441C9C181E507574003BBB92 /* Model */ = {
			isa = PBXGroup;
			children = (
				444281A01E4CC69700814848 /* ESPItemModel.h */,
				444281A11E4CC69700814848 /* ESPItemModel.m */,
				444281A61E4D9A8B00814848 /* ESPAnimals.h */,
				444281A71E4D9A8B00814848 /* ESPAnimals.m */,
				444281A91E4D9B3400814848 /* ESPWhale.h */,
				444281AA1E4D9B3400814848 /* ESPWhale.m */,
				444281AC1E4D9B9500814848 /* ESPPenguin.h */,
				444281AD1E4D9B9500814848 /* ESPPenguin.m */,
			);
			name = Model;
			sourceTree = "<group>";
		};
		44A5E4621E4AE78F00192AC4 = {
			isa = PBXGroup;
			children = (
				44A5E46D1E4AE79000192AC4 /* ESPSeaWorld */,
				44A5E46C1E4AE79000192AC4 /* Products */,
			);
			sourceTree = "<group>";
		};
		44A5E46C1E4AE79000192AC4 /* Products */ = {
			isa = PBXGroup;
			children = (
				44A5E46B1E4AE79000192AC4 /* ESPSeaWorld.app */,
			);
			name = Products;
			sourceTree = "<group>";
		};
		44A5E46D1E4AE79000192AC4 /* ESPSeaWorld */ = {
			isa = PBXGroup;
			children = (
				441C9C181E507574003BBB92 /* Model */,
				44A5E4711E4AE79000192AC4 /* AppDelegate.h */,
				44A5E4721E4AE79000192AC4 /* AppDelegate.m */,
				44A5E4741E4AE79000192AC4 /* ViewController.h */,
				44A5E4751E4AE79000192AC4 /* ViewController.m */,
				444281A31E4CD2F700814848 /* ESPItemViewCell.h */,
				444281A41E4CD2F700814848 /* ESPItemViewCell.m */,
				44A5E4771E4AE79000192AC4 /* Main.storyboard */,
				44A5E47A1E4AE79000192AC4 /* Assets.xcassets */,
				44A5E47C1E4AE79000192AC4 /* LaunchScreen.storyboard */,
				44A5E47F1E4AE79000192AC4 /* Info.plist */,
				44A5E46E1E4AE79000192AC4 /* Supporting Files */,
			);
			path = ESPSeaWorld;
			sourceTree = "<group>";
		};
		44A5E46E1E4AE79000192AC4 /* Supporting Files */ = {
			isa = PBXGroup;
			children = (
				44A5E46F1E4AE79000192AC4 /* main.m */,
			);
			name = "Supporting Files";
			sourceTree = "<group>";
		};
/* End PBXGroup section */

/* Begin PBXNativeTarget section */
		44A5E46A1E4AE78F00192AC4 /* ESPSeaWorld */ = {
			isa = PBXNativeTarget;
			buildConfigurationList = 44A5E4821E4AE79000192AC4 /* Build configuration list for PBXNativeTarget "ESPSeaWorld" */;
			buildPhases = (
				44A5E4671E4AE78F00192AC4 /* Sources */,
				44A5E4681E4AE78F00192AC4 /* Frameworks */,
				44A5E4691E4AE78F00192AC4 /* Resources */,
			);
			buildRules = (
			);
			dependencies = (
			);
			name = ESPSeaWorld;
			productName = ESPSeaWorld;
			productReference = 44A5E46B1E4AE79000192AC4 /* ESPSeaWorld.app */;
			productType = "com.apple.product-type.application";
		};
/* End PBXNativeTarget section */

/* Begin PBXProject section */
		44A5E4631E4AE78F00192AC4 /* Project object */ = {
			isa = PBXProject;
			attributes = {
				LastUpgradeCheck = 0820;
				ORGANIZATIONNAME = Kate;
				TargetAttributes = {
					44A5E46A1E4AE78F00192AC4 = {
						CreatedOnToolsVersion = 8.2.1;
						ProvisioningStyle = Automatic;
					};
				};
			};
			buildConfigurationList = 44A5E4661E4AE78F00192AC4 /* Build configuration list for PBXProject "ESPSeaWorld" */;
			compatibilityVersion = "Xcode 3.2";
			developmentRegion = English;
			hasScannedForEncodings = 0;
			knownRegions = (
				en,
				Base,
			);
			mainGroup = 44A5E4621E4AE78F00192AC4;
			productRefGroup = 44A5E46C1E4AE79000192AC4 /* Products */;
			projectDirPath = "";
			projectRoot = "";
			targets = (
				44A5E46A1E4AE78F00192AC4 /* ESPSeaWorld */,
			);
		};
/* End PBXProject section */

/* Begin PBXResourcesBuildPhase section */
		44A5E4691E4AE78F00192AC4 /* Resources */ = {
			isa = PBXResourcesBuildPhase;
			buildActionMask = 2147483647;
			files = (
				44A5E47E1E4AE79000192AC4 /* LaunchScreen.storyboard in Resources */,
				44A5E47B1E4AE79000192AC4 /* Assets.xcassets in Resources */,
				44A5E4791E4AE79000192AC4 /* Main.storyboard in Resources */,
			);
			runOnlyForDeploymentPostprocessing = 0;
		};
/* End PBXResourcesBuildPhase section */

/* Begin PBXSourcesBuildPhase section */
		44A5E4671E4AE78F00192AC4 /* Sources */ = {
			isa = PBXSourcesBuildPhase;
			buildActionMask = 2147483647;
			files = (
				444281A81E4D9A8B00814848 /* ESPAnimals.m in Sources */,
				44A5E4761E4AE79000192AC4 /* ViewController.m in Sources */,
				444281A21E4CC69700814848 /* ESPItemModel.m in Sources */,
				444281AB1E4D9B3400814848 /* ESPWhale.m in Sources */,
				444281A51E4CD2F700814848 /* ESPItemViewCell.m in Sources */,
				444281AE1E4D9B9500814848 /* ESPPenguin.m in Sources */,
				44A5E4731E4AE79000192AC4 /* AppDelegate.m in Sources */,
				44A5E4701E4AE79000192AC4 /* main.m in Sources */,
			);
			runOnlyForDeploymentPostprocessing = 0;
		};
/* End PBXSourcesBuildPhase section */

/* Begin PBXVariantGroup section */
		44A5E4771E4AE79000192AC4 /* Main.storyboard */ = {
			isa = PBXVariantGroup;
			children = (
				44A5E4781E4AE79000192AC4 /* Base */,
			);
			name = Main.storyboard;
			sourceTree = "<group>";
		};
		44A5E47C1E4AE79000192AC4 /* LaunchScreen.storyboard */ = {
			isa = PBXVariantGroup;
			children = (
				44A5E47D1E4AE79000192AC4 /* Base */,
			);
			name = LaunchScreen.storyboard;
			sourceTree = "<group>";
		};
/* End PBXVariantGroup section */

/* Begin XCBuildConfiguration section */
		44A5E4801E4AE79000192AC4 /* Debug */ = {
			isa = XCBuildConfiguration;
			buildSettings = {
				ALWAYS_SEARCH_USER_PATHS = NO;
				CLANG_ANALYZER_NONNULL = YES;
				CLANG_CXX_LANGUAGE_STANDARD = "gnu++0x";
				CLANG_CXX_LIBRARY = "libc++";
				CLANG_ENABLE_MODULES = YES;
				CLANG_ENABLE_OBJC_ARC = YES;
				CLANG_WARN_BOOL_CONVERSION = YES;
				CLANG_WARN_CONSTANT_CONVERSION = YES;
				CLANG_WARN_DIRECT_OBJC_ISA_USAGE = YES_ERROR;
				CLANG_WARN_DOCUMENTATION_COMMENTS = YES;
				CLANG_WARN_EMPTY_BODY = YES;
				CLANG_WARN_ENUM_CONVERSION = YES;
				CLANG_WARN_INFINITE_RECURSION = YES;
				CLANG_WARN_INT_CONVERSION = YES;
				CLANG_WARN_OBJC_ROOT_CLASS = YES_ERROR;
				CLANG_WARN_SUSPICIOUS_MOVE = YES;
				CLANG_WARN_UNREACHABLE_CODE = YES;
				CLANG_WARN__DUPLICATE_METHOD_MATCH = YES;
				"CODE_SIGN_IDENTITY[sdk=iphoneos*]" = "iPhone Developer";
				COPY_PHASE_STRIP = NO;
				DEBUG_INFORMATION_FORMAT = dwarf;
				ENABLE_STRICT_OBJC_MSGSEND = YES;
				ENABLE_TESTABILITY = YES;
				GCC_C_LANGUAGE_STANDARD = gnu99;
				GCC_DYNAMIC_NO_PIC = NO;
				GCC_NO_COMMON_BLOCKS = YES;
				GCC_OPTIMIZATION_LEVEL = 0;
				GCC_PREPROCESSOR_DEFINITIONS = (
					"DEBUG=1",
					"$(inherited)",
				);
				GCC_WARN_64_TO_32_BIT_CONVERSION = YES;
				GCC_WARN_ABOUT_RETURN_TYPE = YES_ERROR;
				GCC_WARN_UNDECLARED_SELECTOR = YES;
				GCC_WARN_UNINITIALIZED_AUTOS = YES_AGGRESSIVE;
				GCC_WARN_UNUSED_FUNCTION = YES;
				GCC_WARN_UNUSED_VARIABLE = YES;
				IPHONEOS_DEPLOYMENT_TARGET = 10.2;
				MTL_ENABLE_DEBUG_INFO = YES;
				ONLY_ACTIVE_ARCH = YES;
				SDKROOT = iphoneos;
			};
			name = Debug;
		};
		44A5E4811E4AE79000192AC4 /* Release */ = {
			isa = XCBuildConfiguration;
			buildSettings = {
				ALWAYS_SEARCH_USER_PATHS = NO;
				CLANG_ANALYZER_NONNULL = YES;
				CLANG_CXX_LANGUAGE_STANDARD = "gnu++0x";
				CLANG_CXX_LIBRARY = "libc++";
				CLANG_ENABLE_MODULES = YES;
				CLANG_ENABLE_OBJC_ARC = YES;
				CLANG_WARN_BOOL_CONVERSION = YES;
				CLANG_WARN_CONSTANT_CONVERSION = YES;
				CLANG_WARN_DIRECT_OBJC_ISA_USAGE = YES_ERROR;
				CLANG_WARN_DOCUMENTATION_COMMENTS = YES;
				CLANG_WARN_EMPTY_BODY = YES;
				CLANG_WARN_ENUM_CONVERSION = YES;
				CLANG_WARN_INFINITE_RECURSION = YES;
				CLANG_WARN_INT_CONVERSION = YES;
				CLANG_WARN_OBJC_ROOT_CLASS = YES_ERROR;
				CLANG_WARN_SUSPICIOUS_MOVE = YES;
				CLANG_WARN_UNREACHABLE_CODE = YES;
				CLANG_WARN__DUPLICATE_METHOD_MATCH = YES;
				"CODE_SIGN_IDENTITY[sdk=iphoneos*]" = "iPhone Developer";
				COPY_PHASE_STRIP = NO;
				DEBUG_INFORMATION_FORMAT = "dwarf-with-dsym";
				ENABLE_NS_ASSERTIONS = NO;
				ENABLE_STRICT_OBJC_MSGSEND = YES;
				GCC_C_LANGUAGE_STANDARD = gnu99;
				GCC_NO_COMMON_BLOCKS = YES;
				GCC_WARN_64_TO_32_BIT_CONVERSION = YES;
				GCC_WARN_ABOUT_RETURN_TYPE = YES_ERROR;
				GCC_WARN_UNDECLARED_SELECTOR = YES;
				GCC_WARN_UNINITIALIZED_AUTOS = YES_AGGRESSIVE;
				GCC_WARN_UNUSED_FUNCTION = YES;
				GCC_WARN_UNUSED_VARIABLE = YES;
				IPHONEOS_DEPLOYMENT_TARGET = 10.2;
				MTL_ENABLE_DEBUG_INFO = NO;
				SDKROOT = iphoneos;
				VALIDATE_PRODUCT = YES;
			};
			name = Release;
		};
		44A5E4831E4AE79000192AC4 /* Debug */ = {
			isa = XCBuildConfiguration;
			buildSettings = {
				ASSETCATALOG_COMPILER_APPICON_NAME = AppIcon;
				INFOPLIST_FILE = ESPSeaWorld/Info.plist;
				IPHONEOS_DEPLOYMENT_TARGET = 8.0;
				LD_RUNPATH_SEARCH_PATHS = "$(inherited) @executable_path/Frameworks";
				PRODUCT_BUNDLE_IDENTIFIER = home.ESPSeaWorld;
				PRODUCT_NAME = "$(TARGET_NAME)";
			};
			name = Debug;
		};
		44A5E4841E4AE79000192AC4 /* Release */ = {
			isa = XCBuildConfiguration;
			buildSettings = {
				ASSETCATALOG_COMPILER_APPICON_NAME = AppIcon;
				INFOPLIST_FILE = ESPSeaWorld/Info.plist;
				IPHONEOS_DEPLOYMENT_TARGET = 8.0;
				LD_RUNPATH_SEARCH_PATHS = "$(inherited) @executable_path/Frameworks";
				PRODUCT_BUNDLE_IDENTIFIER = home.ESPSeaWorld;
				PRODUCT_NAME = "$(TARGET_NAME)";
			};
			name = Release;
		};
/* End XCBuildConfiguration section */

/* Begin XCConfigurationList section */
		44A5E4661E4AE78F00192AC4 /* Build configuration list for PBXProject "ESPSeaWorld" */ = {
			isa = XCConfigurationList;
			buildConfigurations = (
				44A5E4801E4AE79000192AC4 /* Debug */,
				44A5E4811E4AE79000192AC4 /* Release */,
			);
			defaultConfigurationIsVisible = 0;
			defaultConfigurationName = Release;
		};
		44A5E4821E4AE79000192AC4 /* Build configuration list for PBXNativeTarget "ESPSeaWorld" */ = {
			isa = XCConfigurationList;
			buildConfigurations = (
				44A5E4831E4AE79000192AC4 /* Debug */,
				44A5E4841E4AE79000192AC4 /* Release */,
			);
			defaultConfigurationIsVisible = 0;
			defaultConfigurationName = Release;
		};
/* End XCConfigurationList section */
	};
	rootObject = 44A5E4631E4AE78F00192AC4 /* Project object */;
}
